
Microsoft Visual Studio Solution File, Format Version 11.00
# Visual Studio 2010
Project("{FAE04EC0-301F-11D3-BF4B-00C04F79EFBC}") = "NetBitmap", "NetBitmap.csproj", "{C79B864B-61DB-4992-BFCC-E5F74B9AB9AD}"
EndProject
Global
	GlobalSection(SolutionConfigurationPlatforms) = preSolution
		Debug|Any CPU = Debug|Any CPU
		Release|Any CPU = Release|Any CPU
	EndGlobalSection
	GlobalSection(ProjectConfigurationPlatforms) = postSolution
		{C79B864B-61DB-4992-BFCC-E5F74B9AB9AD}.Debug|Any CPU.ActiveCfg = Debug|Any CPU
		{C79B864B-61DB-4992-BFCC-E5F74B9AB9AD}.Debug|Any CPU.Build.0 = Debug|Any CPU
		{C79B864B-61DB-4992-BFCC-E5F74B9AB9AD}.Release|Any CPU.ActiveCfg = Release|Any CPU
		{C79B864B-61DB-4992-BFCC-E5F74B9AB9AD}.Release|Any CPU.Build.0 = Release|Any CPU
	EndGlobalSection
	GlobalSection(SolutionProperties) = preSolution
		HideSolutionNode = FALSE
	EndGlobalSection
EndGlobal
